
Microsoft Visual Studio Solution File, Format Version 12.00
# Visual Studio 2012
Project("{FAE04EC0-301F-11D3-BF4B-00C04F79EFBC}") = "WebAnalyzer", "WebAnalyzer\WebAnalyzer.csproj", "{CC170924-19A0-48AD-A5F4-8977B3462E6F}"
EndProject
Global
	GlobalSection(SolutionConfigurationPlatforms) = preSolution
		Debug|Any CPU = Debug|Any CPU
		Release|Any CPU = Release|Any CPU
	EndGlobalSection
	GlobalSection(ProjectConfigurationPlatforms) = postSolution
		{CC170924-19A0-48AD-A5F4-8977B3462E6F}.Debug|Any CPU.ActiveCfg = Debug|Any CPU
		{CC170924-19A0-48AD-A5F4-8977B3462E6F}.Debug|Any CPU.Build.0 = Debug|Any CPU
		{CC170924-19A0-48AD-A5F4-8977B3462E6F}.Release|Any CPU.ActiveCfg = Release|Any CPU
		{CC170924-19A0-48AD-A5F4-8977B3462E6F}.Release|Any CPU.Build.0 = Release|Any CPU
	EndGlobalSection
	GlobalSection(SolutionProperties) = preSolution
		HideSolutionNode = FALSE
	EndGlobalSection
EndGlobal
